// !$*UTF8*$!
{
	archiveVersion = 1;
	classes = {
	};
	objectVersion = 46;
	objects = {

/* Begin PBXBuildFile section */
		290D41A31B2771EF0007BB4F /* AppDelegate.swift in Sources */ = {isa = PBXBuildFile; fileRef = 290D41A21B2771EF0007BB4F /* AppDelegate.swift */; };
		290D41A51B2771EF0007BB4F /* Images.xcassets in Resources */ = {isa = PBXBuildFile; fileRef = 290D41A41B2771EF0007BB4F /* Images.xcassets */; };
		290D41A81B2771EF0007BB4F /* MainMenu.xib in Resources */ = {isa = PBXBuildFile; fileRef = 290D41A61B2771EF0007BB4F /* MainMenu.xib */; };
		290D41B41B2771EF0007BB4F /* OpenConnectGUITests.swift in Sources */ = {isa = PBXBuildFile; fileRef = 290D41B31B2771EF0007BB4F /* OpenConnectGUITests.swift */; };
/* End PBXBuildFile section */

/* Begin PBXContainerItemProxy section */
		290D41AE1B2771EF0007BB4F /* PBXContainerItemProxy */ = {
			isa = PBXContainerItemProxy;
			containerPortal = 290D41951B2771EF0007BB4F /* Project object */;
			proxyType = 1;
			remoteGlobalIDString = 290D419C1B2771EF0007BB4F;
			remoteInfo = OpenConnectGUI;
		};
/* End PBXContainerItemProxy section */

/* Begin PBXFileReference section */
		290D419D1B2771EF0007BB4F /* OpenConnectGUI.app */ = {isa = PBXFileReference; explicitFileType = wrapper.application; includeInIndex = 0; path = OpenConnectGUI.app; sourceTree = BUILT_PRODUCTS_DIR; };
		290D41A11B2771EF0007BB4F /* Info.plist */ = {isa = PBXFileReference; lastKnownFileType = text.plist.xml; path = Info.plist; sourceTree = "<group>"; };
		290D41A21B2771EF0007BB4F /* AppDelegate.swift */ = {isa = PBXFileReference; lastKnownFileType = sourcecode.swift; path = AppDelegate.swift; sourceTree = "<group>"; };
		290D41A41B2771EF0007BB4F /* Images.xcassets */ = {isa = PBXFileReference; lastKnownFileType = folder.assetcatalog; path = Images.xcassets; sourceTree = "<group>"; };
		290D41A71B2771EF0007BB4F /* Base */ = {isa = PBXFileReference; lastKnownFileType = file.xib; name = Base; path = Base.lproj/MainMenu.xib; sourceTree = "<group>"; };
		290D41AD1B2771EF0007BB4F /* OpenConnectGUITests.xctest */ = {isa = PBXFileReference; explicitFileType = wrapper.cfbundle; includeInIndex = 0; path = OpenConnectGUITests.xctest; sourceTree = BUILT_PRODUCTS_DIR; };
		290D41B21B2771EF0007BB4F /* Info.plist */ = {isa = PBXFileReference; lastKnownFileType = text.plist.xml; path = Info.plist; sourceTree = "<group>"; };
		290D41B31B2771EF0007BB4F /* OpenConnectGUITests.swift */ = {isa = PBXFileReference; lastKnownFileType = sourcecode.swift; path = OpenConnectGUITests.swift; sourceTree = "<group>"; };
/* End PBXFileReference section */

/* Begin PBXFrameworksBuildPhase section */
		290D419A1B2771EF0007BB4F /* Frameworks */ = {
			isa = PBXFrameworksBuildPhase;
			buildActionMask = 2147483647;
			files = (
			);
			runOnlyForDeploymentPostprocessing = 0;
		};
		290D41AA1B2771EF0007BB4F /* Frameworks */ = {
			isa = PBXFrameworksBuildPhase;
			buildActionMask = 2147483647;
			files = (
			);
			runOnlyForDeploymentPostprocessing = 0;
		};
/* End PBXFrameworksBuildPhase section */

/* Begin PBXGroup section */
		290D41941B2771EF0007BB4F = {
			isa = PBXGroup;
			children = (
				290D419F1B2771EF0007BB4F /* OpenConnectGUI */,
				290D41B01B2771EF0007BB4F /* OpenConnectGUITests */,
				290D419E1B2771EF0007BB4F /* Products */,
			);
			sourceTree = "<group>";
		};
		290D419E1B2771EF0007BB4F /* Products */ = {
			isa = PBXGroup;
			children = (
				290D419D1B2771EF0007BB4F /* OpenConnectGUI.app */,
				290D41AD1B2771EF0007BB4F /* OpenConnectGUITests.xctest */,
			);
			name = Products;
			sourceTree = "<group>";
		};
		290D419F1B2771EF0007BB4F /* OpenConnectGUI */ = {
			isa = PBXGroup;
			children = (
				290D41A21B2771EF0007BB4F /* AppDelegate.swift */,
				290D41A41B2771EF0007BB4F /* Images.xcassets */,
				290D41A61B2771EF0007BB4F /* MainMenu.xib */,
				290D41A01B2771EF0007BB4F /* Supporting Files */,
			);
			path = OpenConnectGUI;
			sourceTree = "<group>";
		};
		290D41A01B2771EF0007BB4F /* Supporting Files */ = {
			isa = PBXGroup;
			children = (
				290D41A11B2771EF0007BB4F /* Info.plist */,
			);
			name = "Supporting Files";
			sourceTree = "<group>";
		};
		290D41B01B2771EF0007BB4F /* OpenConnectGUITests */ = {
			isa = PBXGroup;
			children = (
				290D41B31B2771EF0007BB4F /* OpenConnectGUITests.swift */,
				290D41B11B2771EF0007BB4F /* Supporting Files */,
			);
			path = OpenConnectGUITests;
			sourceTree = "<group>";
		};
		290D41B11B2771EF0007BB4F /* Supporting Files */ = {
			isa = PBXGroup;
			children = (
				290D41B21B2771EF0007BB4F /* Info.plist */,
			);
			name = "Supporting Files";
			sourceTree = "<group>";
		};
/* End PBXGroup section */

/* Begin PBXNativeTarget section */
		290D419C1B2771EF0007BB4F /* OpenConnectGUI */ = {
			isa = PBXNativeTarget;
			buildConfigurationList = 290D41B71B2771EF0007BB4F /* Build configuration list for PBXNativeTarget "OpenConnectGUI" */;
			buildPhases = (
				290D41991B2771EF0007BB4F /* Sources */,
				290D419A1B2771EF0007BB4F /* Frameworks */,
				290D419B1B2771EF0007BB4F /* Resources */,
			);
			buildRules = (
			);
			dependencies = (
			);
			name = OpenConnectGUI;
			productName = OpenConnectGUI;
			productReference = 290D419D1B2771EF0007BB4F /* OpenConnectGUI.app */;
			productType = "com.apple.product-type.application";
		};
		290D41AC1B2771EF0007BB4F /* OpenConnectGUITests */ = {
			isa = PBXNativeTarget;
			buildConfigurationList = 290D41BA1B2771EF0007BB4F /* Build configuration list for PBXNativeTarget "OpenConnectGUITests" */;
			buildPhases = (
				290D41A91B2771EF0007BB4F /* Sources */,
				290D41AA1B2771EF0007BB4F /* Frameworks */,
				290D41AB1B2771EF0007BB4F /* Resources */,
			);
			buildRules = (
			);
			dependencies = (
				290D41AF1B2771EF0007BB4F /* PBXTargetDependency */,
			);
			name = OpenConnectGUITests;
			productName = OpenConnectGUITests;
			productReference = 290D41AD1B2771EF0007BB4F /* OpenConnectGUITests.xctest */;
			productType = "com.apple.product-type.bundle.unit-test";
		};
/* End PBXNativeTarget section */

/* Begin PBXProject section */
		290D41951B2771EF0007BB4F /* Project object */ = {
			isa = PBXProject;
			attributes = {
				LastUpgradeCheck = 0630;
				ORGANIZATIONNAME = "Hannu Kröger";
				TargetAttributes = {
					290D419C1B2771EF0007BB4F = {
						CreatedOnToolsVersion = 6.3.2;
					};
					290D41AC1B2771EF0007BB4F = {
						CreatedOnToolsVersion = 6.3.2;
						TestTargetID = 290D419C1B2771EF0007BB4F;
					};
				};
			};
			buildConfigurationList = 290D41981B2771EF0007BB4F /* Build configuration list for PBXProject "OpenConnectGUI" */;
			compatibilityVersion = "Xcode 3.2";
			developmentRegion = English;
			hasScannedForEncodings = 0;
			knownRegions = (
				en,
				Base,
			);
			mainGroup = 290D41941B2771EF0007BB4F;
			productRefGroup = 290D419E1B2771EF0007BB4F /* Products */;
			projectDirPath = "";
			projectRoot = "";
			targets = (
				290D419C1B2771EF0007BB4F /* OpenConnectGUI */,
				290D41AC1B2771EF0007BB4F /* OpenConnectGUITests */,
			);
		};
/* End PBXProject section */

/* Begin PBXResourcesBuildPhase section */
		290D419B1B2771EF0007BB4F /* Resources */ = {
			isa = PBXResourcesBuildPhase;
			buildActionMask = 2147483647;
			files = (
				290D41A51B2771EF0007BB4F /* Images.xcassets in Resources */,
				290D41A81B2771EF0007BB4F /* MainMenu.xib in Resources */,
			);
			runOnlyForDeploymentPostprocessing = 0;
		};
		290D41AB1B2771EF0007BB4F /* Resources */ = {
			isa = PBXResourcesBuildPhase;
			buildActionMask = 2147483647;
			files = (
			);
			runOnlyForDeploymentPostprocessing = 0;
		};
/* End PBXResourcesBuildPhase section */

/* Begin PBXSourcesBuildPhase section */
		290D41991B2771EF0007BB4F /* Sources */ = {
			isa = PBXSourcesBuildPhase;
			buildActionMask = 2147483647;
			files = (
				290D41A31B2771EF0007BB4F /* AppDelegate.swift in Sources */,
			);
			runOnlyForDeploymentPostprocessing = 0;
		};
		290D41A91B2771EF0007BB4F /* Sources */ = {
			isa = PBXSourcesBuildPhase;
			buildActionMask = 2147483647;
			files = (
				290D41B41B2771EF0007BB4F /* OpenConnectGUITests.swift in Sources */,
			);
			runOnlyForDeploymentPostprocessing = 0;
		};
/* End PBXSourcesBuildPhase section */

/* Begin PBXTargetDependency section */
		290D41AF1B2771EF0007BB4F /* PBXTargetDependency */ = {
			isa = PBXTargetDependency;
			target = 290D419C1B2771EF0007BB4F /* OpenConnectGUI */;
			targetProxy = 290D41AE1B2771EF0007BB4F /* PBXContainerItemProxy */;
		};
/* End PBXTargetDependency section */

/* Begin PBXVariantGroup section */
		290D41A61B2771EF0007BB4F /* MainMenu.xib */ = {
			isa = PBXVariantGroup;
			children = (
				290D41A71B2771EF0007BB4F /* Base */,
			);
			name = MainMenu.xib;
			sourceTree = "<group>";
		};
/* End PBXVariantGroup section */

/* Begin XCBuildConfiguration section */
		290D41B51B2771EF0007BB4F /* Debug */ = {
			isa = XCBuildConfiguration;
			buildSettings = {
				ALWAYS_SEARCH_USER_PATHS = NO;
				CLANG_CXX_LANGUAGE_STANDARD = "gnu++0x";
				CLANG_CXX_LIBRARY = "libc++";
				CLANG_ENABLE_MODULES = YES;
				CLANG_ENABLE_OBJC_ARC = YES;
				CLANG_WARN_BOOL_CONVERSION = YES;
				CLANG_WARN_CONSTANT_CONVERSION = YES;
				CLANG_WARN_DIRECT_OBJC_ISA_USAGE = YES_ERROR;
				CLANG_WARN_EMPTY_BODY = YES;
				CLANG_WARN_ENUM_CONVERSION = YES;
				CLANG_WARN_INT_CONVERSION = YES;
				CLANG_WARN_OBJC_ROOT_CLASS = YES_ERROR;
				CLANG_WARN_UNREACHABLE_CODE = YES;
				CLANG_WARN__DUPLICATE_METHOD_MATCH = YES;
				CODE_SIGN_IDENTITY = "-";
				COPY_PHASE_STRIP = NO;
				DEBUG_INFORMATION_FORMAT = dwarf;
				ENABLE_STRICT_OBJC_MSGSEND = YES;
				GCC_C_LANGUAGE_STANDARD = gnu99;
				GCC_DYNAMIC_NO_PIC = NO;
				GCC_NO_COMMON_BLOCKS = YES;
				GCC_OPTIMIZATION_LEVEL = 0;
				GCC_PREPROCESSOR_DEFINITIONS = (
					"DEBUG=1",
					"$(inherited)",
				);
				GCC_SYMBOLS_PRIVATE_EXTERN = NO;
				GCC_WARN_64_TO_32_BIT_CONVERSION = YES;
				GCC_WARN_ABOUT_RETURN_TYPE = YES_ERROR;
				GCC_WARN_UNDECLARED_SELECTOR = YES;
				GCC_WARN_UNINITIALIZED_AUTOS = YES_AGGRESSIVE;
				GCC_WARN_UNUSED_FUNCTION = YES;
				GCC_WARN_UNUSED_VARIABLE = YES;
				MACOSX_DEPLOYMENT_TARGET = 10.10;
				MTL_ENABLE_DEBUG_INFO = YES;
				ONLY_ACTIVE_ARCH = YES;
				SDKROOT = macosx;
				SWIFT_OPTIMIZATION_LEVEL = "-Onone";
			};
			name = Debug;
		};
		290D41B61B2771EF0007BB4F /* Release */ = {
			isa = XCBuildConfiguration;
			buildSettings = {
				ALWAYS_SEARCH_USER_PATHS = NO;
				CLANG_CXX_LANGUAGE_STANDARD = "gnu++0x";
				CLANG_CXX_LIBRARY = "libc++";
				CLANG_ENABLE_MODULES = YES;
				CLANG_ENABLE_OBJC_ARC = YES;
				CLANG_WARN_BOOL_CONVERSION = YES;
				CLANG_WARN_CONSTANT_CONVERSION = YES;
				CLANG_WARN_DIRECT_OBJC_ISA_USAGE = YES_ERROR;
				CLANG_WARN_EMPTY_BODY = YES;
				CLANG_WARN_ENUM_CONVERSION = YES;
				CLANG_WARN_INT_CONVERSION = YES;
				CLANG_WARN_OBJC_ROOT_CLASS = YES_ERROR;
				CLANG_WARN_UNREACHABLE_CODE = YES;
				CLANG_WARN__DUPLICATE_METHOD_MATCH = YES;
				CODE_SIGN_IDENTITY = "-";
				COPY_PHASE_STRIP = NO;
				DEBUG_INFORMATION_FORMAT = "dwarf-with-dsym";
				ENABLE_NS_ASSERTIONS = NO;
				ENABLE_STRICT_OBJC_MSGSEND = YES;
				GCC_C_LANGUAGE_STANDARD = gnu99;
				GCC_NO_COMMON_BLOCKS = YES;
				GCC_WARN_64_TO_32_BIT_CONVERSION = YES;
				GCC_WARN_ABOUT_RETURN_TYPE = YES_ERROR;
				GCC_WARN_UNDECLARED_SELECTOR = YES;
				GCC_WARN_UNINITIALIZED_AUTOS = YES_AGGRESSIVE;
				GCC_WARN_UNUSED_FUNCTION = YES;
				GCC_WARN_UNUSED_VARIABLE = YES;
				MACOSX_DEPLOYMENT_TARGET = 10.10;
				MTL_ENABLE_DEBUG_INFO = NO;
				SDKROOT = macosx;
			};
			name = Release;
		};
		290D41B81B2771EF0007BB4F /* Debug */ = {
			isa = XCBuildConfiguration;
			buildSettings = {
				ASSETCATALOG_COMPILER_APPICON_NAME = AppIcon;
				COMBINE_HIDPI_IMAGES = YES;
				INFOPLIST_FILE = OpenConnectGUI/Info.plist;
				LD_RUNPATH_SEARCH_PATHS = "$(inherited) @executable_path/../Frameworks";
				PRODUCT_NAME = "$(TARGET_NAME)";
			};
			name = Debug;
		};
		290D41B91B2771EF0007BB4F /* Release */ = {
			isa = XCBuildConfiguration;
			buildSettings = {
				ASSETCATALOG_COMPILER_APPICON_NAME = AppIcon;
				COMBINE_HIDPI_IMAGES = YES;
				INFOPLIST_FILE = OpenConnectGUI/Info.plist;
				LD_RUNPATH_SEARCH_PATHS = "$(inherited) @executable_path/../Frameworks";
				PRODUCT_NAME = "$(TARGET_NAME)";
			};
			name = Release;
		};
		290D41BB1B2771EF0007BB4F /* Debug */ = {
			isa = XCBuildConfiguration;
			buildSettings = {
				BUNDLE_LOADER = "$(TEST_HOST)";
				COMBINE_HIDPI_IMAGES = YES;
				FRAMEWORK_SEARCH_PATHS = (
					"$(DEVELOPER_FRAMEWORKS_DIR)",
					"$(inherited)",
				);
				GCC_PREPROCESSOR_DEFINITIONS = (
					"DEBUG=1",
					"$(inherited)",
				);
				INFOPLIST_FILE = OpenConnectGUITests/Info.plist;
				LD_RUNPATH_SEARCH_PATHS = "$(inherited) @executable_path/../Frameworks @loader_path/../Frameworks";
				PRODUCT_NAME = "$(TARGET_NAME)";
				TEST_HOST = "$(BUILT_PRODUCTS_DIR)/OpenConnectGUI.app/Contents/MacOS/OpenConnectGUI";
			};
			name = Debug;
		};
		290D41BC1B2771EF0007BB4F /* Release */ = {
			isa = XCBuildConfiguration;
			buildSettings = {
				BUNDLE_LOADER = "$(TEST_HOST)";
				COMBINE_HIDPI_IMAGES = YES;
				FRAMEWORK_SEARCH_PATHS = (
					"$(DEVELOPER_FRAMEWORKS_DIR)",
					"$(inherited)",
				);
				INFOPLIST_FILE = OpenConnectGUITests/Info.plist;
				LD_RUNPATH_SEARCH_PATHS = "$(inherited) @executable_path/../Frameworks @loader_path/../Frameworks";
				PRODUCT_NAME = "$(TARGET_NAME)";
				TEST_HOST = "$(BUILT_PRODUCTS_DIR)/OpenConnectGUI.app/Contents/MacOS/OpenConnectGUI";
			};
			name = Release;
		};
/* End XCBuildConfiguration section */

/* Begin XCConfigurationList section */
		290D41981B2771EF0007BB4F /* Build configuration list for PBXProject "OpenConnectGUI" */ = {
			isa = XCConfigurationList;
			buildConfigurations = (
				290D41B51B2771EF0007BB4F /* Debug */,
				290D41B61B2771EF0007BB4F /* Release */,
			);
			defaultConfigurationIsVisible = 0;
			defaultConfigurationName = Release;
		};
		290D41B71B2771EF0007BB4F /* Build configuration list for PBXNativeTarget "OpenConnectGUI" */ = {
			isa = XCConfigurationList;
			buildConfigurations = (
				290D41B81B2771EF0007BB4F /* Debug */,
				290D41B91B2771EF0007BB4F /* Release */,
			);
			defaultConfigurationIsVisible = 0;
		};
		290D41BA1B2771EF0007BB4F /* Build configuration list for PBXNativeTarget "OpenConnectGUITests" */ = {
			isa = XCConfigurationList;
			buildConfigurations = (
				290D41BB1B2771EF0007BB4F /* Debug */,
				290D41BC1B2771EF0007BB4F /* Release */,
			);
			defaultConfigurationIsVisible = 0;
		};
/* End XCConfigurationList section */
	};
	rootObject = 290D41951B2771EF0007BB4F /* Project object */;
}
